
Microsoft Visual Studio Solution File, Format Version 12.00
# Visual Studio 15
VisualStudioVersion = 15.0.27703.2026
MinimumVisualStudioVersion = 10.0.40219.1
Project("{FAE04EC0-301F-11D3-BF4B-00C04F79EFBC}") = "UNiDAYS_Challenge", "UNiDAYS_Challenge\UNiDAYS_Challenge.csproj", "{7A569942-457F-49AA-8834-F0F74A268286}"
EndProject
Global
	GlobalSection(SolutionConfigurationPlatforms) = preSolution
		Debug|Any CPU = Debug|Any CPU
		Release|Any CPU = Release|Any CPU
	EndGlobalSection
	GlobalSection(ProjectConfigurationPlatforms) = postSolution
		{7A569942-457F-49AA-8834-F0F74A268286}.Debug|Any CPU.ActiveCfg = Debug|Any CPU
		{7A569942-457F-49AA-8834-F0F74A268286}.Debug|Any CPU.Build.0 = Debug|Any CPU
		{7A569942-457F-49AA-8834-F0F74A268286}.Release|Any CPU.ActiveCfg = Release|Any CPU
		{7A569942-457F-49AA-8834-F0F74A268286}.Release|Any CPU.Build.0 = Release|Any CPU
	EndGlobalSection
	GlobalSection(SolutionProperties) = preSolution
		HideSolutionNode = FALSE
	EndGlobalSection
	GlobalSection(ExtensibilityGlobals) = postSolution
		SolutionGuid = {C30E4C45-54FD-4E85-B030-0415D1D2F349}
	EndGlobalSection
EndGlobal
